// !$*UTF8*$!
{
	archiveVersion = 1;
	classes = {
	};
	objectVersion = 46;
	objects = {

/* Begin PBXBuildFile section */
		1860D7161AE8E7ED00BA6E61 /* main.m in Sources */ = {isa = PBXBuildFile; fileRef = 1860D7151AE8E7ED00BA6E61 /* main.m */; };
		1860D7191AE8E7ED00BA6E61 /* AppDelegate.m in Sources */ = {isa = PBXBuildFile; fileRef = 1860D7181AE8E7ED00BA6E61 /* AppDelegate.m */; };
		1860D71C1AE8E7ED00BA6E61 /* ViewController.m in Sources */ = {isa = PBXBuildFile; fileRef = 1860D71B1AE8E7ED00BA6E61 /* ViewController.m */; };
		1860D71F1AE8E7ED00BA6E61 /* Main.storyboard in Resources */ = {isa = PBXBuildFile; fileRef = 1860D71D1AE8E7ED00BA6E61 /* Main.storyboard */; };
		1860D7211AE8E7ED00BA6E61 /* Images.xcassets in Resources */ = {isa = PBXBuildFile; fileRef = 1860D7201AE8E7ED00BA6E61 /* Images.xcassets */; };
		1860D7241AE8E7ED00BA6E61 /* LaunchScreen.xib in Resources */ = {isa = PBXBuildFile; fileRef = 1860D7221AE8E7ED00BA6E61 /* LaunchScreen.xib */; };
		1860D7301AE8E7ED00BA6E61 /* CocoaPodTestTests.m in Sources */ = {isa = PBXBuildFile; fileRef = 1860D72F1AE8E7ED00BA6E61 /* CocoaPodTestTests.m */; };
		71A37823042EAE015C6B2ABA /* libPods.a in Frameworks */ = {isa = PBXBuildFile; fileRef = 9E0B3097667234DC3ABA5484 /* libPods.a */; };
/* End PBXBuildFile section */

/* Begin PBXContainerItemProxy section */
		1860D72A1AE8E7ED00BA6E61 /* PBXContainerItemProxy */ = {
			isa = PBXContainerItemProxy;
			containerPortal = 1860D7081AE8E7ED00BA6E61 /* Project object */;
			proxyType = 1;
			remoteGlobalIDString = 1860D70F1AE8E7ED00BA6E61;
			remoteInfo = CocoaPodTest;
		};
/* End PBXContainerItemProxy section */

/* Begin PBXFileReference section */
		10970C51885D3B1202E5D369 /* Pods.release.xcconfig */ = {isa = PBXFileReference; includeInIndex = 1; lastKnownFileType = text.xcconfig; name = Pods.release.xcconfig; path = "Pods/Target Support Files/Pods/Pods.release.xcconfig"; sourceTree = "<group>"; };
		183DE44E1AF24E09001DBA6A /* PrefixHeader.pch */ = {isa = PBXFileReference; lastKnownFileType = sourcecode.c.h; path = PrefixHeader.pch; sourceTree = "<group>"; };
		1860D7101AE8E7ED00BA6E61 /* CocoaPodTest.app */ = {isa = PBXFileReference; explicitFileType = wrapper.application; includeInIndex = 0; path = CocoaPodTest.app; sourceTree = BUILT_PRODUCTS_DIR; };
		1860D7141AE8E7ED00BA6E61 /* Info.plist */ = {isa = PBXFileReference; lastKnownFileType = text.plist.xml; path = Info.plist; sourceTree = "<group>"; };
		1860D7151AE8E7ED00BA6E61 /* main.m */ = {isa = PBXFileReference; lastKnownFileType = sourcecode.c.objc; path = main.m; sourceTree = "<group>"; };
		1860D7171AE8E7ED00BA6E61 /* AppDelegate.h */ = {isa = PBXFileReference; lastKnownFileType = sourcecode.c.h; path = AppDelegate.h; sourceTree = "<group>"; };
		1860D7181AE8E7ED00BA6E61 /* AppDelegate.m */ = {isa = PBXFileReference; lastKnownFileType = sourcecode.c.objc; path = AppDelegate.m; sourceTree = "<group>"; };
		1860D71A1AE8E7ED00BA6E61 /* ViewController.h */ = {isa = PBXFileReference; lastKnownFileType = sourcecode.c.h; path = ViewController.h; sourceTree = "<group>"; };
		1860D71B1AE8E7ED00BA6E61 /* ViewController.m */ = {isa = PBXFileReference; lastKnownFileType = sourcecode.c.objc; path = ViewController.m; sourceTree = "<group>"; };
		1860D71E1AE8E7ED00BA6E61 /* Base */ = {isa = PBXFileReference; lastKnownFileType = file.storyboard; name = Base; path = Base.lproj/Main.storyboard; sourceTree = "<group>"; };
		1860D7201AE8E7ED00BA6E61 /* Images.xcassets */ = {isa = PBXFileReference; lastKnownFileType = folder.assetcatalog; path = Images.xcassets; sourceTree = "<group>"; };
		1860D7231AE8E7ED00BA6E61 /* Base */ = {isa = PBXFileReference; lastKnownFileType = file.xib; name = Base; path = Base.lproj/LaunchScreen.xib; sourceTree = "<group>"; };
		1860D7291AE8E7ED00BA6E61 /* CocoaPodTestTests.xctest */ = {isa = PBXFileReference; explicitFileType = wrapper.cfbundle; includeInIndex = 0; path = CocoaPodTestTests.xctest; sourceTree = BUILT_PRODUCTS_DIR; };
		1860D72E1AE8E7ED00BA6E61 /* Info.plist */ = {isa = PBXFileReference; lastKnownFileType = text.plist.xml; path = Info.plist; sourceTree = "<group>"; };
		1860D72F1AE8E7ED00BA6E61 /* CocoaPodTestTests.m */ = {isa = PBXFileReference; lastKnownFileType = sourcecode.c.objc; path = CocoaPodTestTests.m; sourceTree = "<group>"; };
		6DF21E061AE9416800FE446B /* Config.xcconfig */ = {isa = PBXFileReference; lastKnownFileType = text.xcconfig; path = Config.xcconfig; sourceTree = "<group>"; };
		9E0B3097667234DC3ABA5484 /* libPods.a */ = {isa = PBXFileReference; explicitFileType = archive.ar; includeInIndex = 0; path = libPods.a; sourceTree = BUILT_PRODUCTS_DIR; };
		C007A3DAC02199EA918B45C6 /* Pods.debug.xcconfig */ = {isa = PBXFileReference; includeInIndex = 1; lastKnownFileType = text.xcconfig; name = Pods.debug.xcconfig; path = "Pods/Target Support Files/Pods/Pods.debug.xcconfig"; sourceTree = "<group>"; };
/* End PBXFileReference section */

/* Begin PBXFrameworksBuildPhase section */
		1860D70D1AE8E7ED00BA6E61 /* Frameworks */ = {
			isa = PBXFrameworksBuildPhase;
			buildActionMask = 2147483647;
			files = (
				71A37823042EAE015C6B2ABA /* libPods.a in Frameworks */,
			);
			runOnlyForDeploymentPostprocessing = 0;
		};
		1860D7261AE8E7ED00BA6E61 /* Frameworks */ = {
			isa = PBXFrameworksBuildPhase;
			buildActionMask = 2147483647;
			files = (
			);
			runOnlyForDeploymentPostprocessing = 0;
		};
/* End PBXFrameworksBuildPhase section */

/* Begin PBXGroup section */
		1860D7071AE8E7ED00BA6E61 = {
			isa = PBXGroup;
			children = (
				6DF21E061AE9416800FE446B /* Config.xcconfig */,
				1860D7121AE8E7ED00BA6E61 /* CocoaPodTest */,
				1860D72C1AE8E7ED00BA6E61 /* CocoaPodTestTests */,
				1860D7111AE8E7ED00BA6E61 /* Products */,
				67447AB4B3AEFCD9FA419AC4 /* Pods */,
				37C925746D276D29E7923DB5 /* Frameworks */,
			);
			sourceTree = "<group>";
		};
		1860D7111AE8E7ED00BA6E61 /* Products */ = {
			isa = PBXGroup;
			children = (
				1860D7101AE8E7ED00BA6E61 /* CocoaPodTest.app */,
				1860D7291AE8E7ED00BA6E61 /* CocoaPodTestTests.xctest */,
			);
			name = Products;
			sourceTree = "<group>";
		};
		1860D7121AE8E7ED00BA6E61 /* CocoaPodTest */ = {
			isa = PBXGroup;
			children = (
				1860D7171AE8E7ED00BA6E61 /* AppDelegate.h */,
				1860D7181AE8E7ED00BA6E61 /* AppDelegate.m */,
				1860D71A1AE8E7ED00BA6E61 /* ViewController.h */,
				1860D71B1AE8E7ED00BA6E61 /* ViewController.m */,
				1860D71D1AE8E7ED00BA6E61 /* Main.storyboard */,
				1860D7201AE8E7ED00BA6E61 /* Images.xcassets */,
				1860D7221AE8E7ED00BA6E61 /* LaunchScreen.xib */,
				1860D7131AE8E7ED00BA6E61 /* Supporting Files */,
			);
			path = CocoaPodTest;
			sourceTree = "<group>";
		};
		1860D7131AE8E7ED00BA6E61 /* Supporting Files */ = {
			isa = PBXGroup;
			children = (
				1860D7141AE8E7ED00BA6E61 /* Info.plist */,
				1860D7151AE8E7ED00BA6E61 /* main.m */,
				183DE44E1AF24E09001DBA6A /* PrefixHeader.pch */,
			);
			name = "Supporting Files";
			sourceTree = "<group>";
		};
		1860D72C1AE8E7ED00BA6E61 /* CocoaPodTestTests */ = {
			isa = PBXGroup;
			children = (
				1860D72F1AE8E7ED00BA6E61 /* CocoaPodTestTests.m */,
				1860D72D1AE8E7ED00BA6E61 /* Supporting Files */,
			);
			path = CocoaPodTestTests;
			sourceTree = "<group>";
		};
		1860D72D1AE8E7ED00BA6E61 /* Supporting Files */ = {
			isa = PBXGroup;
			children = (
				1860D72E1AE8E7ED00BA6E61 /* Info.plist */,
			);
			name = "Supporting Files";
			sourceTree = "<group>";
		};
		37C925746D276D29E7923DB5 /* Frameworks */ = {
			isa = PBXGroup;
			children = (
				9E0B3097667234DC3ABA5484 /* libPods.a */,
			);
			name = Frameworks;
			sourceTree = "<group>";
		};
		67447AB4B3AEFCD9FA419AC4 /* Pods */ = {
			isa = PBXGroup;
			children = (
				C007A3DAC02199EA918B45C6 /* Pods.debug.xcconfig */,
				10970C51885D3B1202E5D369 /* Pods.release.xcconfig */,
			);
			name = Pods;
			sourceTree = "<group>";
		};
/* End PBXGroup section */

/* Begin PBXNativeTarget section */
		1860D70F1AE8E7ED00BA6E61 /* CocoaPodTest */ = {
			isa = PBXNativeTarget;
			buildConfigurationList = 1860D7331AE8E7ED00BA6E61 /* Build configuration list for PBXNativeTarget "CocoaPodTest" */;
			buildPhases = (
				994CFA5BDF4FC819FA2E509A /* Check Pods Manifest.lock */,
				1860D70C1AE8E7ED00BA6E61 /* Sources */,
				1860D70D1AE8E7ED00BA6E61 /* Frameworks */,
				1860D70E1AE8E7ED00BA6E61 /* Resources */,
				BF56A38299DD5D4166BEE13B /* Copy Pods Resources */,
			);
			buildRules = (
			);
			dependencies = (
			);
			name = CocoaPodTest;
			productName = CocoaPodTest;
			productReference = 1860D7101AE8E7ED00BA6E61 /* CocoaPodTest.app */;
			productType = "com.apple.product-type.application";
		};
		1860D7281AE8E7ED00BA6E61 /* CocoaPodTestTests */ = {
			isa = PBXNativeTarget;
			buildConfigurationList = 1860D7361AE8E7ED00BA6E61 /* Build configuration list for PBXNativeTarget "CocoaPodTestTests" */;
			buildPhases = (
				1860D7251AE8E7ED00BA6E61 /* Sources */,
				1860D7261AE8E7ED00BA6E61 /* Frameworks */,
				1860D7271AE8E7ED00BA6E61 /* Resources */,
			);
			buildRules = (
			);
			dependencies = (
				1860D72B1AE8E7ED00BA6E61 /* PBXTargetDependency */,
			);
			name = CocoaPodTestTests;
			productName = CocoaPodTestTests;
			productReference = 1860D7291AE8E7ED00BA6E61 /* CocoaPodTestTests.xctest */;
			productType = "com.apple.product-type.bundle.unit-test";
		};
/* End PBXNativeTarget section */

/* Begin PBXProject section */
		1860D7081AE8E7ED00BA6E61 /* Project object */ = {
			isa = PBXProject;
			attributes = {
				LastUpgradeCheck = 0610;
				ORGANIZATIONNAME = apple;
				TargetAttributes = {
					1860D70F1AE8E7ED00BA6E61 = {
						CreatedOnToolsVersion = 6.1;
						DevelopmentTeam = 3MX2564TD4;
					};
					1860D7281AE8E7ED00BA6E61 = {
						CreatedOnToolsVersion = 6.1;
						TestTargetID = 1860D70F1AE8E7ED00BA6E61;
					};
				};
			};
			buildConfigurationList = 1860D70B1AE8E7ED00BA6E61 /* Build configuration list for PBXProject "CocoaPodTest" */;
			compatibilityVersion = "Xcode 3.2";
			developmentRegion = English;
			hasScannedForEncodings = 0;
			knownRegions = (
				en,
				Base,
			);
			mainGroup = 1860D7071AE8E7ED00BA6E61;
			productRefGroup = 1860D7111AE8E7ED00BA6E61 /* Products */;
			projectDirPath = "";
			projectRoot = "";
			targets = (
				1860D70F1AE8E7ED00BA6E61 /* CocoaPodTest */,
				1860D7281AE8E7ED00BA6E61 /* CocoaPodTestTests */,
			);
		};
/* End PBXProject section */

/* Begin PBXResourcesBuildPhase section */
		1860D70E1AE8E7ED00BA6E61 /* Resources */ = {
			isa = PBXResourcesBuildPhase;
			buildActionMask = 2147483647;
			files = (
				1860D71F1AE8E7ED00BA6E61 /* Main.storyboard in Resources */,
				1860D7241AE8E7ED00BA6E61 /* LaunchScreen.xib in Resources */,
				1860D7211AE8E7ED00BA6E61 /* Images.xcassets in Resources */,
			);
			runOnlyForDeploymentPostprocessing = 0;
		};
		1860D7271AE8E7ED00BA6E61 /* Resources */ = {
			isa = PBXResourcesBuildPhase;
			buildActionMask = 2147483647;
			files = (
			);
			runOnlyForDeploymentPostprocessing = 0;
		};
/* End PBXResourcesBuildPhase section */

/* Begin PBXShellScriptBuildPhase section */
		994CFA5BDF4FC819FA2E509A /* Check Pods Manifest.lock */ = {
			isa = PBXShellScriptBuildPhase;
			buildActionMask = 2147483647;
			files = (
			);
			inputPaths = (
			);
			name = "Check Pods Manifest.lock";
			outputPaths = (
			);
			runOnlyForDeploymentPostprocessing = 0;
			shellPath = /bin/sh;
			shellScript = "diff \"${PODS_ROOT}/../Podfile.lock\" \"${PODS_ROOT}/Manifest.lock\" > /dev/null\nif [[ $? != 0 ]] ; then\n    cat << EOM\nerror: The sandbox is not in sync with the Podfile.lock. Run 'pod install' or update your CocoaPods installation.\nEOM\n    exit 1\nfi\n";
			showEnvVarsInLog = 0;
		};
		BF56A38299DD5D4166BEE13B /* Copy Pods Resources */ = {
			isa = PBXShellScriptBuildPhase;
			buildActionMask = 2147483647;
			files = (
			);
			inputPaths = (
			);
			name = "Copy Pods Resources";
			outputPaths = (
			);
			runOnlyForDeploymentPostprocessing = 0;
			shellPath = /bin/sh;
			shellScript = "\"${SRCROOT}/Pods/Target Support Files/Pods/Pods-resources.sh\"\n";
			showEnvVarsInLog = 0;
		};
/* End PBXShellScriptBuildPhase section */

/* Begin PBXSourcesBuildPhase section */
		1860D70C1AE8E7ED00BA6E61 /* Sources */ = {
			isa = PBXSourcesBuildPhase;
			buildActionMask = 2147483647;
			files = (
				1860D71C1AE8E7ED00BA6E61 /* ViewController.m in Sources */,
				1860D7191AE8E7ED00BA6E61 /* AppDelegate.m in Sources */,
				1860D7161AE8E7ED00BA6E61 /* main.m in Sources */,
			);
			runOnlyForDeploymentPostprocessing = 0;
		};
		1860D7251AE8E7ED00BA6E61 /* Sources */ = {
			isa = PBXSourcesBuildPhase;
			buildActionMask = 2147483647;
			files = (
				1860D7301AE8E7ED00BA6E61 /* CocoaPodTestTests.m in Sources */,
			);
			runOnlyForDeploymentPostprocessing = 0;
		};
/* End PBXSourcesBuildPhase section */

/* Begin PBXTargetDependency section */
		1860D72B1AE8E7ED00BA6E61 /* PBXTargetDependency */ = {
			isa = PBXTargetDependency;
			target = 1860D70F1AE8E7ED00BA6E61 /* CocoaPodTest */;
			targetProxy = 1860D72A1AE8E7ED00BA6E61 /* PBXContainerItemProxy */;
		};
/* End PBXTargetDependency section */

/* Begin PBXVariantGroup section */
		1860D71D1AE8E7ED00BA6E61 /* Main.storyboard */ = {
			isa = PBXVariantGroup;
			children = (
				1860D71E1AE8E7ED00BA6E61 /* Base */,
			);
			name = Main.storyboard;
			sourceTree = "<group>";
		};
		1860D7221AE8E7ED00BA6E61 /* LaunchScreen.xib */ = {
			isa = PBXVariantGroup;
			children = (
				1860D7231AE8E7ED00BA6E61 /* Base */,
			);
			name = LaunchScreen.xib;
			sourceTree = "<group>";
		};
/* End PBXVariantGroup section */

/* Begin XCBuildConfiguration section */
		1860D7311AE8E7ED00BA6E61 /* Debug */ = {
			isa = XCBuildConfiguration;
			buildSettings = {
				ALWAYS_SEARCH_USER_PATHS = NO;
				CLANG_CXX_LANGUAGE_STANDARD = "gnu++0x";
				CLANG_CXX_LIBRARY = "libc++";
				CLANG_ENABLE_MODULES = YES;
				CLANG_ENABLE_OBJC_ARC = YES;
				CLANG_WARN_BOOL_CONVERSION = YES;
				CLANG_WARN_CONSTANT_CONVERSION = YES;
				CLANG_WARN_DIRECT_OBJC_ISA_USAGE = YES_ERROR;
				CLANG_WARN_EMPTY_BODY = YES;
				CLANG_WARN_ENUM_CONVERSION = YES;
				CLANG_WARN_INT_CONVERSION = YES;
				CLANG_WARN_OBJC_ROOT_CLASS = YES_ERROR;
				CLANG_WARN_UNREACHABLE_CODE = YES;
				CLANG_WARN__DUPLICATE_METHOD_MATCH = YES;
				"CODE_SIGN_IDENTITY[sdk=iphoneos*]" = "iPhone Developer";
				COPY_PHASE_STRIP = NO;
				ENABLE_STRICT_OBJC_MSGSEND = YES;
				GCC_C_LANGUAGE_STANDARD = gnu99;
				GCC_DYNAMIC_NO_PIC = NO;
				GCC_OPTIMIZATION_LEVEL = 0;
				GCC_PREPROCESSOR_DEFINITIONS = (
					"DEBUG=1",
					"$(inherited)",
				);
				GCC_SYMBOLS_PRIVATE_EXTERN = NO;
				GCC_WARN_64_TO_32_BIT_CONVERSION = YES;
				GCC_WARN_ABOUT_RETURN_TYPE = YES_ERROR;
				GCC_WARN_UNDECLARED_SELECTOR = YES;
				GCC_WARN_UNINITIALIZED_AUTOS = YES_AGGRESSIVE;
				GCC_WARN_UNUSED_FUNCTION = YES;
				GCC_WARN_UNUSED_VARIABLE = YES;
				IPHONEOS_DEPLOYMENT_TARGET = 7.0;
				MTL_ENABLE_DEBUG_INFO = YES;
				ONLY_ACTIVE_ARCH = YES;
				SDKROOT = iphoneos;
			};
			name = Debug;
		};
		1860D7321AE8E7ED00BA6E61 /* Release */ = {
			isa = XCBuildConfiguration;
			buildSettings = {
				ALWAYS_SEARCH_USER_PATHS = NO;
				CLANG_CXX_LANGUAGE_STANDARD = "gnu++0x";
				CLANG_CXX_LIBRARY = "libc++";
				CLANG_ENABLE_MODULES = YES;
				CLANG_ENABLE_OBJC_ARC = YES;
				CLANG_WARN_BOOL_CONVERSION = YES;
				CLANG_WARN_CONSTANT_CONVERSION = YES;
				CLANG_WARN_DIRECT_OBJC_ISA_USAGE = YES_ERROR;
				CLANG_WARN_EMPTY_BODY = YES;
				CLANG_WARN_ENUM_CONVERSION = YES;
				CLANG_WARN_INT_CONVERSION = YES;
				CLANG_WARN_OBJC_ROOT_CLASS = YES_ERROR;
				CLANG_WARN_UNREACHABLE_CODE = YES;
				CLANG_WARN__DUPLICATE_METHOD_MATCH = YES;
				"CODE_SIGN_IDENTITY[sdk=iphoneos*]" = "iPhone Developer";
				COPY_PHASE_STRIP = YES;
				ENABLE_NS_ASSERTIONS = NO;
				ENABLE_STRICT_OBJC_MSGSEND = YES;
				GCC_C_LANGUAGE_STANDARD = gnu99;
				GCC_WARN_64_TO_32_BIT_CONVERSION = YES;
				GCC_WARN_ABOUT_RETURN_TYPE = YES_ERROR;
				GCC_WARN_UNDECLARED_SELECTOR = YES;
				GCC_WARN_UNINITIALIZED_AUTOS = YES_AGGRESSIVE;
				GCC_WARN_UNUSED_FUNCTION = YES;
				GCC_WARN_UNUSED_VARIABLE = YES;
				IPHONEOS_DEPLOYMENT_TARGET = 7.0;
				MTL_ENABLE_DEBUG_INFO = NO;
				SDKROOT = iphoneos;
				VALIDATE_PRODUCT = YES;
			};
			name = Release;
		};
		1860D7341AE8E7ED00BA6E61 /* Debug */ = {
			isa = XCBuildConfiguration;
			baseConfigurationReference = C007A3DAC02199EA918B45C6 /* Pods.debug.xcconfig */;
			buildSettings = {
				ASSETCATALOG_COMPILER_APPICON_NAME = AppIcon;
				ASSETCATALOG_COMPILER_LAUNCHIMAGE_NAME = LaunchImage;
				CODE_SIGN_IDENTITY = "iPhone Developer: zong wen (Z3CKA5DD4V)";
				FRAMEWORK_SEARCH_PATHS = (
					"$(inherited)",
					"$(PROJECT_DIR)",
				);
				GCC_PRECOMPILE_PREFIX_HEADER = YES;
				GCC_PREFIX_HEADER = CocoaPodTest/PrefixHeader.pch;
				INFOPLIST_FILE = CocoaPodTest/Info.plist;
				IPHONEOS_DEPLOYMENT_TARGET = 7.0;
				LD_RUNPATH_SEARCH_PATHS = "$(inherited) @executable_path/Frameworks";
				PRODUCT_NAME = "$(TARGET_NAME)";
				PROVISIONING_PROFILE = "";
			};
			name = Debug;
		};
		1860D7351AE8E7ED00BA6E61 /* Release */ = {
			isa = XCBuildConfiguration;
			baseConfigurationReference = 10970C51885D3B1202E5D369 /* Pods.release.xcconfig */;
			buildSettings = {
				ASSETCATALOG_COMPILER_APPICON_NAME = AppIcon;
				ASSETCATALOG_COMPILER_LAUNCHIMAGE_NAME = LaunchImage;
				CODE_SIGN_IDENTITY = "iPhone Developer: zong wen (Z3CKA5DD4V)";
				FRAMEWORK_SEARCH_PATHS = (
					"$(inherited)",
					"$(PROJECT_DIR)",
				);
				GCC_PRECOMPILE_PREFIX_HEADER = YES;
				GCC_PREFIX_HEADER = CocoaPodTest/PrefixHeader.pch;
				INFOPLIST_FILE = CocoaPodTest/Info.plist;
				IPHONEOS_DEPLOYMENT_TARGET = 7.0;
				LD_RUNPATH_SEARCH_PATHS = "$(inherited) @executable_path/Frameworks";
				PRODUCT_NAME = "$(TARGET_NAME)";
				PROVISIONING_PROFILE = "";
			};
			name = Release;
		};
		1860D7371AE8E7ED00BA6E61 /* Debug */ = {
			isa = XCBuildConfiguration;
			buildSettings = {
				BUNDLE_LOADER = "$(TEST_HOST)";
				FRAMEWORK_SEARCH_PATHS = (
					"$(SDKROOT)/Developer/Library/Frameworks",
					"$(inherited)",
				);
				GCC_PREPROCESSOR_DEFINITIONS = (
					"DEBUG=1",
					"$(inherited)",
				);
				INFOPLIST_FILE = CocoaPodTestTests/Info.plist;
				LD_RUNPATH_SEARCH_PATHS = "$(inherited) @executable_path/Frameworks @loader_path/Frameworks";
				PRODUCT_NAME = "$(TARGET_NAME)";
				TEST_HOST = "$(BUILT_PRODUCTS_DIR)/CocoaPodTest.app/CocoaPodTest";
			};
			name = Debug;
		};
		1860D7381AE8E7ED00BA6E61 /* Release */ = {
			isa = XCBuildConfiguration;
			buildSettings = {
				BUNDLE_LOADER = "$(TEST_HOST)";
				FRAMEWORK_SEARCH_PATHS = (
					"$(SDKROOT)/Developer/Library/Frameworks",
					"$(inherited)",
				);
				INFOPLIST_FILE = CocoaPodTestTests/Info.plist;
				LD_RUNPATH_SEARCH_PATHS = "$(inherited) @executable_path/Frameworks @loader_path/Frameworks";
				PRODUCT_NAME = "$(TARGET_NAME)";
				TEST_HOST = "$(BUILT_PRODUCTS_DIR)/CocoaPodTest.app/CocoaPodTest";
			};
			name = Release;
		};
/* End XCBuildConfiguration section */

/* Begin XCConfigurationList section */
		1860D70B1AE8E7ED00BA6E61 /* Build configuration list for PBXProject "CocoaPodTest" */ = {
			isa = XCConfigurationList;
			buildConfigurations = (
				1860D7311AE8E7ED00BA6E61 /* Debug */,
				1860D7321AE8E7ED00BA6E61 /* Release */,
			);
			defaultConfigurationIsVisible = 0;
			defaultConfigurationName = Release;
		};
		1860D7331AE8E7ED00BA6E61 /* Build configuration list for PBXNativeTarget "CocoaPodTest" */ = {
			isa = XCConfigurationList;
			buildConfigurations = (
				1860D7341AE8E7ED00BA6E61 /* Debug */,
				1860D7351AE8E7ED00BA6E61 /* Release */,
			);
			defaultConfigurationIsVisible = 0;
			defaultConfigurationName = Release;
		};
		1860D7361AE8E7ED00BA6E61 /* Build configuration list for PBXNativeTarget "CocoaPodTestTests" */ = {
			isa = XCConfigurationList;
			buildConfigurations = (
				1860D7371AE8E7ED00BA6E61 /* Debug */,
				1860D7381AE8E7ED00BA6E61 /* Release */,
			);
			defaultConfigurationIsVisible = 0;
			defaultConfigurationName = Release;
		};
/* End XCConfigurationList section */
	};
	rootObject = 1860D7081AE8E7ED00BA6E61 /* Project object */;
}
