// !$*UTF8*$!
{
	archiveVersion = 1;
	classes = {
	};
	objectVersion = 46;
	objects = {

/* Begin PBXBuildFile section */
		AA061CA11771A3AF0085F484 /* textinput@2x.png in Resources */ = {isa = PBXBuildFile; fileRef = AA061CA01771A3AF0085F484 /* textinput@2x.png */; };
		AA0AC79D1772F63400940607 /* MessageUI.framework in Frameworks */ = {isa = PBXBuildFile; fileRef = AA0AC79C1772F63400940607 /* MessageUI.framework */; };
		AA66CBDA179930E200B66749 /* MZTT001ViewController.m in Sources */ = {isa = PBXBuildFile; fileRef = AA66CBD717992EE100B66749 /* MZTT001ViewController.m */; };
		AA66CBDD179930F900B66749 /* MZTT001ViewController.xib in Resources */ = {isa = PBXBuildFile; fileRef = AA66CBD817992EE100B66749 /* MZTT001ViewController.xib */; };
		AA66CBE11799365500B66749 /* MZTT002ViewController.m in Sources */ = {isa = PBXBuildFile; fileRef = AA66CBDF1799365500B66749 /* MZTT002ViewController.m */; };
		AA66CBE21799365500B66749 /* MZTT002ViewController.xib in Resources */ = {isa = PBXBuildFile; fileRef = AA66CBE01799365500B66749 /* MZTT002ViewController.xib */; };
		AA66CBE417994AD300B66749 /* navbak@2x.png in Resources */ = {isa = PBXBuildFile; fileRef = AA66CBE317994AD300B66749 /* navbak@2x.png */; };
		AAD4D38F167AD74C0091036E /* UIKit.framework in Frameworks */ = {isa = PBXBuildFile; fileRef = AAD4D38E167AD74C0091036E /* UIKit.framework */; };
		AAD4D391167AD74C0091036E /* Foundation.framework in Frameworks */ = {isa = PBXBuildFile; fileRef = AAD4D390167AD74C0091036E /* Foundation.framework */; };
		AAD4D393167AD74C0091036E /* CoreGraphics.framework in Frameworks */ = {isa = PBXBuildFile; fileRef = AAD4D392167AD74C0091036E /* CoreGraphics.framework */; };
		AAD4D399167AD74C0091036E /* InfoPlist.strings in Resources */ = {isa = PBXBuildFile; fileRef = AAD4D397167AD74C0091036E /* InfoPlist.strings */; };
		AAD4D39B167AD74C0091036E /* main.m in Sources */ = {isa = PBXBuildFile; fileRef = AAD4D39A167AD74C0091036E /* main.m */; };
		AAD4D39F167AD74C0091036E /* MZAppDelegate.m in Sources */ = {isa = PBXBuildFile; fileRef = AAD4D39E167AD74C0091036E /* MZAppDelegate.m */; };
		AAD4D3A1167AD74C0091036E /* Default.png in Resources */ = {isa = PBXBuildFile; fileRef = AAD4D3A0167AD74C0091036E /* Default.png */; };
		AAD4D3A3167AD74C0091036E /* Default@2x.png in Resources */ = {isa = PBXBuildFile; fileRef = AAD4D3A2167AD74C0091036E /* Default@2x.png */; };
		AAD4D3A5167AD74C0091036E /* Default-568h@2x.png in Resources */ = {isa = PBXBuildFile; fileRef = AAD4D3A4167AD74C0091036E /* Default-568h@2x.png */; };
		AAD4D3A8167AD74C0091036E /* MZViewController.m in Sources */ = {isa = PBXBuildFile; fileRef = AAD4D3A7167AD74C0091036E /* MZViewController.m */; };
		AAD4D3AB167AD74C0091036E /* MZViewController.xib in Resources */ = {isa = PBXBuildFile; fileRef = AAD4D3A9167AD74C0091036E /* MZViewController.xib */; };
		AAD4D3B9167AD7D10091036E /* MZPerson.m in Sources */ = {isa = PBXBuildFile; fileRef = AAD4D3B8167AD7D10091036E /* MZPerson.m */; };
/* End PBXBuildFile section */

/* Begin PBXFileReference section */
		AA061CA01771A3AF0085F484 /* textinput@2x.png */ = {isa = PBXFileReference; lastKnownFileType = image.png; path = "textinput@2x.png"; sourceTree = "<group>"; };
		AA0AC79C1772F63400940607 /* MessageUI.framework */ = {isa = PBXFileReference; lastKnownFileType = wrapper.framework; name = MessageUI.framework; path = System/Library/Frameworks/MessageUI.framework; sourceTree = SDKROOT; };
		AA66CBD617992EE100B66749 /* MZTT001ViewController.h */ = {isa = PBXFileReference; lastKnownFileType = sourcecode.c.h; path = MZTT001ViewController.h; sourceTree = "<group>"; };
		AA66CBD717992EE100B66749 /* MZTT001ViewController.m */ = {isa = PBXFileReference; lastKnownFileType = sourcecode.c.objc; path = MZTT001ViewController.m; sourceTree = "<group>"; };
		AA66CBD817992EE100B66749 /* MZTT001ViewController.xib */ = {isa = PBXFileReference; lastKnownFileType = file.xib; path = MZTT001ViewController.xib; sourceTree = "<group>"; };
		AA66CBDE1799365500B66749 /* MZTT002ViewController.h */ = {isa = PBXFileReference; fileEncoding = 4; lastKnownFileType = sourcecode.c.h; path = MZTT002ViewController.h; sourceTree = "<group>"; };
		AA66CBDF1799365500B66749 /* MZTT002ViewController.m */ = {isa = PBXFileReference; fileEncoding = 4; lastKnownFileType = sourcecode.c.objc; path = MZTT002ViewController.m; sourceTree = "<group>"; };
		AA66CBE01799365500B66749 /* MZTT002ViewController.xib */ = {isa = PBXFileReference; fileEncoding = 4; lastKnownFileType = file.xib; path = MZTT002ViewController.xib; sourceTree = "<group>"; };
		AA66CBE317994AD300B66749 /* navbak@2x.png */ = {isa = PBXFileReference; lastKnownFileType = image.png; path = "navbak@2x.png"; sourceTree = "<group>"; };
		AAD4D38A167AD74C0091036E /* MyTestAll2.app */ = {isa = PBXFileReference; explicitFileType = wrapper.application; includeInIndex = 0; path = MyTestAll2.app; sourceTree = BUILT_PRODUCTS_DIR; };
		AAD4D38E167AD74C0091036E /* UIKit.framework */ = {isa = PBXFileReference; lastKnownFileType = wrapper.framework; name = UIKit.framework; path = System/Library/Frameworks/UIKit.framework; sourceTree = SDKROOT; };
		AAD4D390167AD74C0091036E /* Foundation.framework */ = {isa = PBXFileReference; lastKnownFileType = wrapper.framework; name = Foundation.framework; path = System/Library/Frameworks/Foundation.framework; sourceTree = SDKROOT; };
		AAD4D392167AD74C0091036E /* CoreGraphics.framework */ = {isa = PBXFileReference; lastKnownFileType = wrapper.framework; name = CoreGraphics.framework; path = System/Library/Frameworks/CoreGraphics.framework; sourceTree = SDKROOT; };
		AAD4D396167AD74C0091036E /* MyTestAll2-Info.plist */ = {isa = PBXFileReference; lastKnownFileType = text.plist.xml; path = "MyTestAll2-Info.plist"; sourceTree = "<group>"; };
		AAD4D398167AD74C0091036E /* en */ = {isa = PBXFileReference; lastKnownFileType = text.plist.strings; name = en; path = en.lproj/InfoPlist.strings; sourceTree = "<group>"; };
		AAD4D39A167AD74C0091036E /* main.m */ = {isa = PBXFileReference; lastKnownFileType = sourcecode.c.objc; path = main.m; sourceTree = "<group>"; };
		AAD4D39C167AD74C0091036E /* MyTestAll2-Prefix.pch */ = {isa = PBXFileReference; lastKnownFileType = sourcecode.c.h; path = "MyTestAll2-Prefix.pch"; sourceTree = "<group>"; };
		AAD4D39D167AD74C0091036E /* MZAppDelegate.h */ = {isa = PBXFileReference; lastKnownFileType = sourcecode.c.h; path = MZAppDelegate.h; sourceTree = "<group>"; };
		AAD4D39E167AD74C0091036E /* MZAppDelegate.m */ = {isa = PBXFileReference; lastKnownFileType = sourcecode.c.objc; path = MZAppDelegate.m; sourceTree = "<group>"; };
		AAD4D3A0167AD74C0091036E /* Default.png */ = {isa = PBXFileReference; lastKnownFileType = image.png; path = Default.png; sourceTree = "<group>"; };
		AAD4D3A2167AD74C0091036E /* Default@2x.png */ = {isa = PBXFileReference; lastKnownFileType = image.png; path = "Default@2x.png"; sourceTree = "<group>"; };
		AAD4D3A4167AD74C0091036E /* Default-568h@2x.png */ = {isa = PBXFileReference; lastKnownFileType = image.png; path = "Default-568h@2x.png"; sourceTree = "<group>"; };
		AAD4D3A6167AD74C0091036E /* MZViewController.h */ = {isa = PBXFileReference; lastKnownFileType = sourcecode.c.h; path = MZViewController.h; sourceTree = "<group>"; };
		AAD4D3A7167AD74C0091036E /* MZViewController.m */ = {isa = PBXFileReference; lastKnownFileType = sourcecode.c.objc; path = MZViewController.m; sourceTree = "<group>"; };
		AAD4D3AA167AD74C0091036E /* en */ = {isa = PBXFileReference; lastKnownFileType = file.xib; name = en; path = en.lproj/MZViewController.xib; sourceTree = "<group>"; };
		AAD4D3B7167AD7D10091036E /* MZPerson.h */ = {isa = PBXFileReference; fileEncoding = 4; lastKnownFileType = sourcecode.c.h; path = MZPerson.h; sourceTree = "<group>"; };
		AAD4D3B8167AD7D10091036E /* MZPerson.m */ = {isa = PBXFileReference; fileEncoding = 4; lastKnownFileType = sourcecode.c.objc; path = MZPerson.m; sourceTree = "<group>"; };
/* End PBXFileReference section */

/* Begin PBXFrameworksBuildPhase section */
		AAD4D387167AD74C0091036E /* Frameworks */ = {
			isa = PBXFrameworksBuildPhase;
			buildActionMask = 2147483647;
			files = (
				AA0AC79D1772F63400940607 /* MessageUI.framework in Frameworks */,
				AAD4D38F167AD74C0091036E /* UIKit.framework in Frameworks */,
				AAD4D391167AD74C0091036E /* Foundation.framework in Frameworks */,
				AAD4D393167AD74C0091036E /* CoreGraphics.framework in Frameworks */,
			);
			runOnlyForDeploymentPostprocessing = 0;
		};
/* End PBXFrameworksBuildPhase section */

/* Begin PBXGroup section */
		AAD4D37F167AD74B0091036E = {
			isa = PBXGroup;
			children = (
				AA0AC79C1772F63400940607 /* MessageUI.framework */,
				AAD4D394167AD74C0091036E /* MyTestAll2 */,
				AAD4D38D167AD74C0091036E /* Frameworks */,
				AAD4D38B167AD74C0091036E /* Products */,
			);
			sourceTree = "<group>";
		};
		AAD4D38B167AD74C0091036E /* Products */ = {
			isa = PBXGroup;
			children = (
				AAD4D38A167AD74C0091036E /* MyTestAll2.app */,
			);
			name = Products;
			sourceTree = "<group>";
		};
		AAD4D38D167AD74C0091036E /* Frameworks */ = {
			isa = PBXGroup;
			children = (
				AAD4D38E167AD74C0091036E /* UIKit.framework */,
				AAD4D390167AD74C0091036E /* Foundation.framework */,
				AAD4D392167AD74C0091036E /* CoreGraphics.framework */,
			);
			name = Frameworks;
			sourceTree = "<group>";
		};
		AAD4D394167AD74C0091036E /* MyTestAll2 */ = {
			isa = PBXGroup;
			children = (
				AA66CBE317994AD300B66749 /* navbak@2x.png */,
				AA061CA01771A3AF0085F484 /* textinput@2x.png */,
				AAD4D39D167AD74C0091036E /* MZAppDelegate.h */,
				AAD4D39E167AD74C0091036E /* MZAppDelegate.m */,
				AAD4D3A6167AD74C0091036E /* MZViewController.h */,
				AAD4D3A7167AD74C0091036E /* MZViewController.m */,
				AAD4D3A9167AD74C0091036E /* MZViewController.xib */,
				AA66CBD617992EE100B66749 /* MZTT001ViewController.h */,
				AA66CBD717992EE100B66749 /* MZTT001ViewController.m */,
				AA66CBD817992EE100B66749 /* MZTT001ViewController.xib */,
				AA66CBDE1799365500B66749 /* MZTT002ViewController.h */,
				AA66CBDF1799365500B66749 /* MZTT002ViewController.m */,
				AA66CBE01799365500B66749 /* MZTT002ViewController.xib */,
				AAD4D395167AD74C0091036E /* Supporting Files */,
				AAD4D3B7167AD7D10091036E /* MZPerson.h */,
				AAD4D3B8167AD7D10091036E /* MZPerson.m */,
			);
			path = MyTestAll2;
			sourceTree = "<group>";
		};
		AAD4D395167AD74C0091036E /* Supporting Files */ = {
			isa = PBXGroup;
			children = (
				AAD4D396167AD74C0091036E /* MyTestAll2-Info.plist */,
				AAD4D397167AD74C0091036E /* InfoPlist.strings */,
				AAD4D39A167AD74C0091036E /* main.m */,
				AAD4D39C167AD74C0091036E /* MyTestAll2-Prefix.pch */,
				AAD4D3A0167AD74C0091036E /* Default.png */,
				AAD4D3A2167AD74C0091036E /* Default@2x.png */,
				AAD4D3A4167AD74C0091036E /* Default-568h@2x.png */,
			);
			name = "Supporting Files";
			sourceTree = "<group>";
		};
/* End PBXGroup section */

/* Begin PBXNativeTarget section */
		AAD4D389167AD74C0091036E /* MyTestAll2 */ = {
			isa = PBXNativeTarget;
			buildConfigurationList = AAD4D3AE167AD74C0091036E /* Build configuration list for PBXNativeTarget "MyTestAll2" */;
			buildPhases = (
				AAD4D386167AD74C0091036E /* Sources */,
				AAD4D387167AD74C0091036E /* Frameworks */,
				AAD4D388167AD74C0091036E /* Resources */,
			);
			buildRules = (
			);
			dependencies = (
			);
			name = MyTestAll2;
			productName = MyTestAll2;
			productReference = AAD4D38A167AD74C0091036E /* MyTestAll2.app */;
			productType = "com.apple.product-type.application";
		};
/* End PBXNativeTarget section */

/* Begin PBXProject section */
		AAD4D381167AD74C0091036E /* Project object */ = {
			isa = PBXProject;
			attributes = {
				CLASSPREFIX = MZ;
				LastUpgradeCheck = 0450;
				ORGANIZATIONNAME = uistrong;
			};
			buildConfigurationList = AAD4D384167AD74C0091036E /* Build configuration list for PBXProject "MyTestAll2" */;
			compatibilityVersion = "Xcode 3.2";
			developmentRegion = English;
			hasScannedForEncodings = 0;
			knownRegions = (
				en,
			);
			mainGroup = AAD4D37F167AD74B0091036E;
			productRefGroup = AAD4D38B167AD74C0091036E /* Products */;
			projectDirPath = "";
			projectRoot = "";
			targets = (
				AAD4D389167AD74C0091036E /* MyTestAll2 */,
			);
		};
/* End PBXProject section */

/* Begin PBXResourcesBuildPhase section */
		AAD4D388167AD74C0091036E /* Resources */ = {
			isa = PBXResourcesBuildPhase;
			buildActionMask = 2147483647;
			files = (
				AA66CBDD179930F900B66749 /* MZTT001ViewController.xib in Resources */,
				AAD4D399167AD74C0091036E /* InfoPlist.strings in Resources */,
				AA66CBE21799365500B66749 /* MZTT002ViewController.xib in Resources */,
				AAD4D3A1167AD74C0091036E /* Default.png in Resources */,
				AAD4D3A3167AD74C0091036E /* Default@2x.png in Resources */,
				AA66CBE417994AD300B66749 /* navbak@2x.png in Resources */,
				AAD4D3A5167AD74C0091036E /* Default-568h@2x.png in Resources */,
				AAD4D3AB167AD74C0091036E /* MZViewController.xib in Resources */,
				AA061CA11771A3AF0085F484 /* textinput@2x.png in Resources */,
			);
			runOnlyForDeploymentPostprocessing = 0;
		};
/* End PBXResourcesBuildPhase section */

/* Begin PBXSourcesBuildPhase section */
		AAD4D386167AD74C0091036E /* Sources */ = {
			isa = PBXSourcesBuildPhase;
			buildActionMask = 2147483647;
			files = (
				AA66CBE11799365500B66749 /* MZTT002ViewController.m in Sources */,
				AA66CBDA179930E200B66749 /* MZTT001ViewController.m in Sources */,
				AAD4D39B167AD74C0091036E /* main.m in Sources */,
				AAD4D39F167AD74C0091036E /* MZAppDelegate.m in Sources */,
				AAD4D3A8167AD74C0091036E /* MZViewController.m in Sources */,
				AAD4D3B9167AD7D10091036E /* MZPerson.m in Sources */,
			);
			runOnlyForDeploymentPostprocessing = 0;
		};
/* End PBXSourcesBuildPhase section */

/* Begin PBXVariantGroup section */
		AAD4D397167AD74C0091036E /* InfoPlist.strings */ = {
			isa = PBXVariantGroup;
			children = (
				AAD4D398167AD74C0091036E /* en */,
			);
			name = InfoPlist.strings;
			sourceTree = "<group>";
		};
		AAD4D3A9167AD74C0091036E /* MZViewController.xib */ = {
			isa = PBXVariantGroup;
			children = (
				AAD4D3AA167AD74C0091036E /* en */,
			);
			name = MZViewController.xib;
			sourceTree = "<group>";
		};
/* End PBXVariantGroup section */

/* Begin XCBuildConfiguration section */
		AAD4D3AC167AD74C0091036E /* Debug */ = {
			isa = XCBuildConfiguration;
			buildSettings = {
				ALWAYS_SEARCH_USER_PATHS = NO;
				CLANG_CXX_LANGUAGE_STANDARD = "gnu++0x";
				CLANG_CXX_LIBRARY = "libc++";
				CLANG_WARN_EMPTY_BODY = YES;
				CLANG_WARN__DUPLICATE_METHOD_MATCH = YES;
				"CODE_SIGN_IDENTITY[sdk=iphoneos*]" = "iPhone Developer";
				COPY_PHASE_STRIP = NO;
				GCC_C_LANGUAGE_STANDARD = gnu99;
				GCC_DYNAMIC_NO_PIC = NO;
				GCC_OPTIMIZATION_LEVEL = 0;
				GCC_PREPROCESSOR_DEFINITIONS = (
					"DEBUG=1",
					"$(inherited)",
				);
				GCC_SYMBOLS_PRIVATE_EXTERN = NO;
				GCC_WARN_ABOUT_RETURN_TYPE = YES;
				GCC_WARN_UNINITIALIZED_AUTOS = YES;
				GCC_WARN_UNUSED_VARIABLE = YES;
				IPHONEOS_DEPLOYMENT_TARGET = 6.0;
				ONLY_ACTIVE_ARCH = YES;
				SDKROOT = iphoneos;
			};
			name = Debug;
		};
		AAD4D3AD167AD74C0091036E /* Release */ = {
			isa = XCBuildConfiguration;
			buildSettings = {
				ALWAYS_SEARCH_USER_PATHS = NO;
				CLANG_CXX_LANGUAGE_STANDARD = "gnu++0x";
				CLANG_CXX_LIBRARY = "libc++";
				CLANG_WARN_EMPTY_BODY = YES;
				CLANG_WARN__DUPLICATE_METHOD_MATCH = YES;
				"CODE_SIGN_IDENTITY[sdk=iphoneos*]" = "iPhone Developer";
				COPY_PHASE_STRIP = YES;
				GCC_C_LANGUAGE_STANDARD = gnu99;
				GCC_WARN_ABOUT_RETURN_TYPE = YES;
				GCC_WARN_UNINITIALIZED_AUTOS = YES;
				GCC_WARN_UNUSED_VARIABLE = YES;
				IPHONEOS_DEPLOYMENT_TARGET = 6.0;
				OTHER_CFLAGS = "-DNS_BLOCK_ASSERTIONS=1";
				SDKROOT = iphoneos;
				VALIDATE_PRODUCT = YES;
			};
			name = Release;
		};
		AAD4D3AF167AD74C0091036E /* Debug */ = {
			isa = XCBuildConfiguration;
			buildSettings = {
				CLANG_ENABLE_OBJC_ARC = NO;
				GCC_PRECOMPILE_PREFIX_HEADER = YES;
				GCC_PREFIX_HEADER = "MyTestAll2/MyTestAll2-Prefix.pch";
				INFOPLIST_FILE = "MyTestAll2/MyTestAll2-Info.plist";
				IPHONEOS_DEPLOYMENT_TARGET = 4.3;
				PRODUCT_NAME = "$(TARGET_NAME)";
				WRAPPER_EXTENSION = app;
			};
			name = Debug;
		};
		AAD4D3B0167AD74C0091036E /* Release */ = {
			isa = XCBuildConfiguration;
			buildSettings = {
				CLANG_ENABLE_OBJC_ARC = NO;
				GCC_PRECOMPILE_PREFIX_HEADER = YES;
				GCC_PREFIX_HEADER = "MyTestAll2/MyTestAll2-Prefix.pch";
				INFOPLIST_FILE = "MyTestAll2/MyTestAll2-Info.plist";
				IPHONEOS_DEPLOYMENT_TARGET = 4.3;
				PRODUCT_NAME = "$(TARGET_NAME)";
				WRAPPER_EXTENSION = app;
			};
			name = Release;
		};
/* End XCBuildConfiguration section */

/* Begin XCConfigurationList section */
		AAD4D384167AD74C0091036E /* Build configuration list for PBXProject "MyTestAll2" */ = {
			isa = XCConfigurationList;
			buildConfigurations = (
				AAD4D3AC167AD74C0091036E /* Debug */,
				AAD4D3AD167AD74C0091036E /* Release */,
			);
			defaultConfigurationIsVisible = 0;
			defaultConfigurationName = Release;
		};
		AAD4D3AE167AD74C0091036E /* Build configuration list for PBXNativeTarget "MyTestAll2" */ = {
			isa = XCConfigurationList;
			buildConfigurations = (
				AAD4D3AF167AD74C0091036E /* Debug */,
				AAD4D3B0167AD74C0091036E /* Release */,
			);
			defaultConfigurationIsVisible = 0;
			defaultConfigurationName = Release;
		};
/* End XCConfigurationList section */
	};
	rootObject = AAD4D381167AD74C0091036E /* Project object */;
}
